// !$*UTF8*$!
{
	archiveVersion = 1;
	classes = {
	};
	objectVersion = 55;
	objects = {

/* Begin PBXBuildFile section */
		56457ABE272C4A7000FEF556 /* AppDelegate.swift in Sources */ = {isa = PBXBuildFile; fileRef = 56457ABD272C4A7000FEF556 /* AppDelegate.swift */; };
		56457AC0272C4A7000FEF556 /* SceneDelegate.swift in Sources */ = {isa = PBXBuildFile; fileRef = 56457ABF272C4A7000FEF556 /* SceneDelegate.swift */; };
		56457AC2272C4A7000FEF556 /* ViewController.swift in Sources */ = {isa = PBXBuildFile; fileRef = 56457AC1272C4A7000FEF556 /* ViewController.swift */; };
		56457AC5272C4A7000FEF556 /* Main.storyboard in Resources */ = {isa = PBXBuildFile; fileRef = 56457AC3272C4A7000FEF556 /* Main.storyboard */; };
		56457AC7272C4A7200FEF556 /* Assets.xcassets in Resources */ = {isa = PBXBuildFile; fileRef = 56457AC6272C4A7200FEF556 /* Assets.xcassets */; };
		56457ACA272C4A7200FEF556 /* LaunchScreen.storyboard in Resources */ = {isa = PBXBuildFile; fileRef = 56457AC8272C4A7200FEF556 /* LaunchScreen.storyboard */; };
		56457AD5272C4A7200FEF556 /* TREAD_fifthTests.swift in Sources */ = {isa = PBXBuildFile; fileRef = 56457AD4272C4A7200FEF556 /* TREAD_fifthTests.swift */; };
		56457ADF272C4A7200FEF556 /* TREAD_fifthUITests.swift in Sources */ = {isa = PBXBuildFile; fileRef = 56457ADE272C4A7200FEF556 /* TREAD_fifthUITests.swift */; };
		56457AE1272C4A7200FEF556 /* TREAD_fifthUITestsLaunchTests.swift in Sources */ = {isa = PBXBuildFile; fileRef = 56457AE0272C4A7200FEF556 /* TREAD_fifthUITestsLaunchTests.swift */; };
		56457AEE272C4DEF00FEF556 /* ContactListViewController.swift in Sources */ = {isa = PBXBuildFile; fileRef = 56457AED272C4DEF00FEF556 /* ContactListViewController.swift */; };
		56457AF0272C566900FEF556 /* ContactDetailViewController.swift in Sources */ = {isa = PBXBuildFile; fileRef = 56457AEF272C566900FEF556 /* ContactDetailViewController.swift */; };
/* End PBXBuildFile section */

/* Begin PBXContainerItemProxy section */
		56457AD1272C4A7200FEF556 /* PBXContainerItemProxy */ = {
			isa = PBXContainerItemProxy;
			containerPortal = 56457AB2272C4A7000FEF556 /* Project object */;
			proxyType = 1;
			remoteGlobalIDString = 56457AB9272C4A7000FEF556;
			remoteInfo = "TREAD-fifth";
		};
		56457ADB272C4A7200FEF556 /* PBXContainerItemProxy */ = {
			isa = PBXContainerItemProxy;
			containerPortal = 56457AB2272C4A7000FEF556 /* Project object */;
			proxyType = 1;
			remoteGlobalIDString = 56457AB9272C4A7000FEF556;
			remoteInfo = "TREAD-fifth";
		};
/* End PBXContainerItemProxy section */

/* Begin PBXFileReference section */
		56457ABA272C4A7000FEF556 /* TREAD-fifth.app */ = {isa = PBXFileReference; explicitFileType = wrapper.application; includeInIndex = 0; path = "TREAD-fifth.app"; sourceTree = BUILT_PRODUCTS_DIR; };
		56457ABD272C4A7000FEF556 /* AppDelegate.swift */ = {isa = PBXFileReference; lastKnownFileType = sourcecode.swift; path = AppDelegate.swift; sourceTree = "<group>"; };
		56457ABF272C4A7000FEF556 /* SceneDelegate.swift */ = {isa = PBXFileReference; lastKnownFileType = sourcecode.swift; path = SceneDelegate.swift; sourceTree = "<group>"; };
		56457AC1272C4A7000FEF556 /* ViewController.swift */ = {isa = PBXFileReference; lastKnownFileType = sourcecode.swift; path = ViewController.swift; sourceTree = "<group>"; };
		56457AC4272C4A7000FEF556 /* Base */ = {isa = PBXFileReference; lastKnownFileType = file.storyboard; name = Base; path = Base.lproj/Main.storyboard; sourceTree = "<group>"; };
		56457AC6272C4A7200FEF556 /* Assets.xcassets */ = {isa = PBXFileReference; lastKnownFileType = folder.assetcatalog; path = Assets.xcassets; sourceTree = "<group>"; };
		56457AC9272C4A7200FEF556 /* Base */ = {isa = PBXFileReference; lastKnownFileType = file.storyboard; name = Base; path = Base.lproj/LaunchScreen.storyboard; sourceTree = "<group>"; };
		56457ACB272C4A7200FEF556 /* Info.plist */ = {isa = PBXFileReference; lastKnownFileType = text.plist.xml; path = Info.plist; sourceTree = "<group>"; };
		56457AD0272C4A7200FEF556 /* TREAD-fifthTests.xctest */ = {isa = PBXFileReference; explicitFileType = wrapper.cfbundle; includeInIndex = 0; path = "TREAD-fifthTests.xctest"; sourceTree = BUILT_PRODUCTS_DIR; };
		56457AD4272C4A7200FEF556 /* TREAD_fifthTests.swift */ = {isa = PBXFileReference; lastKnownFileType = sourcecode.swift; path = TREAD_fifthTests.swift; sourceTree = "<group>"; };
		56457ADA272C4A7200FEF556 /* TREAD-fifthUITests.xctest */ = {isa = PBXFileReference; explicitFileType = wrapper.cfbundle; includeInIndex = 0; path = "TREAD-fifthUITests.xctest"; sourceTree = BUILT_PRODUCTS_DIR; };
		56457ADE272C4A7200FEF556 /* TREAD_fifthUITests.swift */ = {isa = PBXFileReference; lastKnownFileType = sourcecode.swift; path = TREAD_fifthUITests.swift; sourceTree = "<group>"; };
		56457AE0272C4A7200FEF556 /* TREAD_fifthUITestsLaunchTests.swift */ = {isa = PBXFileReference; lastKnownFileType = sourcecode.swift; path = TREAD_fifthUITestsLaunchTests.swift; sourceTree = "<group>"; };
		56457AED272C4DEF00FEF556 /* ContactListViewController.swift */ = {isa = PBXFileReference; lastKnownFileType = sourcecode.swift; path = ContactListViewController.swift; sourceTree = "<group>"; };
		56457AEF272C566900FEF556 /* ContactDetailViewController.swift */ = {isa = PBXFileReference; lastKnownFileType = sourcecode.swift; path = ContactDetailViewController.swift; sourceTree = "<group>"; };
/* End PBXFileReference section */

/* Begin PBXFrameworksBuildPhase section */
		56457AB7272C4A7000FEF556 /* Frameworks */ = {
			isa = PBXFrameworksBuildPhase;
			buildActionMask = 2147483647;
			files = (
			);
			runOnlyForDeploymentPostprocessing = 0;
		};
		56457ACD272C4A7200FEF556 /* Frameworks */ = {
			isa = PBXFrameworksBuildPhase;
			buildActionMask = 2147483647;
			files = (
			);
			runOnlyForDeploymentPostprocessing = 0;
		};
		56457AD7272C4A7200FEF556 /* Frameworks */ = {
			isa = PBXFrameworksBuildPhase;
			buildActionMask = 2147483647;
			files = (
			);
			runOnlyForDeploymentPostprocessing = 0;
		};
/* End PBXFrameworksBuildPhase section */

/* Begin PBXGroup section */
		56457AB1272C4A7000FEF556 = {
			isa = PBXGroup;
			children = (
				56457ABC272C4A7000FEF556 /* TREAD-fifth */,
				56457AD3272C4A7200FEF556 /* TREAD-fifthTests */,
				56457ADD272C4A7200FEF556 /* TREAD-fifthUITests */,
				56457ABB272C4A7000FEF556 /* Products */,
			);
			sourceTree = "<group>";
		};
		56457ABB272C4A7000FEF556 /* Products */ = {
			isa = PBXGroup;
			children = (
				56457ABA272C4A7000FEF556 /* TREAD-fifth.app */,
				56457AD0272C4A7200FEF556 /* TREAD-fifthTests.xctest */,
				56457ADA272C4A7200FEF556 /* TREAD-fifthUITests.xctest */,
			);
			name = Products;
			sourceTree = "<group>";
		};
		56457ABC272C4A7000FEF556 /* TREAD-fifth */ = {
			isa = PBXGroup;
			children = (
				56457ABD272C4A7000FEF556 /* AppDelegate.swift */,
				56457ABF272C4A7000FEF556 /* SceneDelegate.swift */,
				56457AC1272C4A7000FEF556 /* ViewController.swift */,
				56457AED272C4DEF00FEF556 /* ContactListViewController.swift */,
				56457AEF272C566900FEF556 /* ContactDetailViewController.swift */,
				56457AC3272C4A7000FEF556 /* Main.storyboard */,
				56457AC6272C4A7200FEF556 /* Assets.xcassets */,
				56457AC8272C4A7200FEF556 /* LaunchScreen.storyboard */,
				56457ACB272C4A7200FEF556 /* Info.plist */,
			);
			path = "TREAD-fifth";
			sourceTree = "<group>";
		};
		56457AD3272C4A7200FEF556 /* TREAD-fifthTests */ = {
			isa = PBXGroup;
			children = (
				56457AD4272C4A7200FEF556 /* TREAD_fifthTests.swift */,
			);
			path = "TREAD-fifthTests";
			sourceTree = "<group>";
		};
		56457ADD272C4A7200FEF556 /* TREAD-fifthUITests */ = {
			isa = PBXGroup;
			children = (
				56457ADE272C4A7200FEF556 /* TREAD_fifthUITests.swift */,
				56457AE0272C4A7200FEF556 /* TREAD_fifthUITestsLaunchTests.swift */,
			);
			path = "TREAD-fifthUITests";
			sourceTree = "<group>";
		};
/* End PBXGroup section */

/* Begin PBXNativeTarget section */
		56457AB9272C4A7000FEF556 /* TREAD-fifth */ = {
			isa = PBXNativeTarget;
			buildConfigurationList = 56457AE4272C4A7200FEF556 /* Build configuration list for PBXNativeTarget "TREAD-fifth" */;
			buildPhases = (
				56457AB6272C4A7000FEF556 /* Sources */,
				56457AB7272C4A7000FEF556 /* Frameworks */,
				56457AB8272C4A7000FEF556 /* Resources */,
			);
			buildRules = (
			);
			dependencies = (
			);
			name = "TREAD-fifth";
			productName = "TREAD-fifth";
			productReference = 56457ABA272C4A7000FEF556 /* TREAD-fifth.app */;
			productType = "com.apple.product-type.application";
		};
		56457ACF272C4A7200FEF556 /* TREAD-fifthTests */ = {
			isa = PBXNativeTarget;
			buildConfigurationList = 56457AE7272C4A7200FEF556 /* Build configuration list for PBXNativeTarget "TREAD-fifthTests" */;
			buildPhases = (
				56457ACC272C4A7200FEF556 /* Sources */,
				56457ACD272C4A7200FEF556 /* Frameworks */,
				56457ACE272C4A7200FEF556 /* Resources */,
			);
			buildRules = (
			);
			dependencies = (
				56457AD2272C4A7200FEF556 /* PBXTargetDependency */,
			);
			name = "TREAD-fifthTests";
			productName = "TREAD-fifthTests";
			productReference = 56457AD0272C4A7200FEF556 /* TREAD-fifthTests.xctest */;
			productType = "com.apple.product-type.bundle.unit-test";
		};
		56457AD9272C4A7200FEF556 /* TREAD-fifthUITests */ = {
			isa = PBXNativeTarget;
			buildConfigurationList = 56457AEA272C4A7200FEF556 /* Build configuration list for PBXNativeTarget "TREAD-fifthUITests" */;
			buildPhases = (
				56457AD6272C4A7200FEF556 /* Sources */,
				56457AD7272C4A7200FEF556 /* Frameworks */,
				56457AD8272C4A7200FEF556 /* Resources */,
			);
			buildRules = (
			);
			dependencies = (
				56457ADC272C4A7200FEF556 /* PBXTargetDependency */,
			);
			name = "TREAD-fifthUITests";
			productName = "TREAD-fifthUITests";
			productReference = 56457ADA272C4A7200FEF556 /* TREAD-fifthUITests.xctest */;
			productType = "com.apple.product-type.bundle.ui-testing";
		};
/* End PBXNativeTarget section */

/* Begin PBXProject section */
		56457AB2272C4A7000FEF556 /* Project object */ = {
			isa = PBXProject;
			attributes = {
				BuildIndependentTargetsInParallel = 1;
				LastSwiftUpdateCheck = 1300;
				LastUpgradeCheck = 1300;
				TargetAttributes = {
					56457AB9272C4A7000FEF556 = {
						CreatedOnToolsVersion = 13.0;
					};
					56457ACF272C4A7200FEF556 = {
						CreatedOnToolsVersion = 13.0;
						TestTargetID = 56457AB9272C4A7000FEF556;
					};
					56457AD9272C4A7200FEF556 = {
						CreatedOnToolsVersion = 13.0;
						TestTargetID = 56457AB9272C4A7000FEF556;
					};
				};
			};
			buildConfigurationList = 56457AB5272C4A7000FEF556 /* Build configuration list for PBXProject "TREAD-fifth" */;
			compatibilityVersion = "Xcode 13.0";
			developmentRegion = en;
			hasScannedForEncodings = 0;
			knownRegions = (
				en,
				Base,
			);
			mainGroup = 56457AB1272C4A7000FEF556;
			productRefGroup = 56457ABB272C4A7000FEF556 /* Products */;
			projectDirPath = "";
			projectRoot = "";
			targets = (
				56457AB9272C4A7000FEF556 /* TREAD-fifth */,
				56457ACF272C4A7200FEF556 /* TREAD-fifthTests */,
				56457AD9272C4A7200FEF556 /* TREAD-fifthUITests */,
			);
		};
/* End PBXProject section */

/* Begin PBXResourcesBuildPhase section */
		56457AB8272C4A7000FEF556 /* Resources */ = {
			isa = PBXResourcesBuildPhase;
			buildActionMask = 2147483647;
			files = (
				56457ACA272C4A7200FEF556 /* LaunchScreen.storyboard in Resources */,
				56457AC7272C4A7200FEF556 /* Assets.xcassets in Resources */,
				56457AC5272C4A7000FEF556 /* Main.storyboard in Resources */,
			);
			runOnlyForDeploymentPostprocessing = 0;
		};
		56457ACE272C4A7200FEF556 /* Resources */ = {
			isa = PBXResourcesBuildPhase;
			buildActionMask = 2147483647;
			files = (
			);
			runOnlyForDeploymentPostprocessing = 0;
		};
		56457AD8272C4A7200FEF556 /* Resources */ = {
			isa = PBXResourcesBuildPhase;
			buildActionMask = 2147483647;
			files = (
			);
			runOnlyForDeploymentPostprocessing = 0;
		};
/* End PBXResourcesBuildPhase section */

/* Begin PBXSourcesBuildPhase section */
		56457AB6272C4A7000FEF556 /* Sources */ = {
			isa = PBXSourcesBuildPhase;
			buildActionMask = 2147483647;
			files = (
				56457AC2272C4A7000FEF556 /* ViewController.swift in Sources */,
				56457AF0272C566900FEF556 /* ContactDetailViewController.swift in Sources */,
				56457AEE272C4DEF00FEF556 /* ContactListViewController.swift in Sources */,
				56457ABE272C4A7000FEF556 /* AppDelegate.swift in Sources */,
				56457AC0272C4A7000FEF556 /* SceneDelegate.swift in Sources */,
			);
			runOnlyForDeploymentPostprocessing = 0;
		};
		56457ACC272C4A7200FEF556 /* Sources */ = {
			isa = PBXSourcesBuildPhase;
			buildActionMask = 2147483647;
			files = (
				56457AD5272C4A7200FEF556 /* TREAD_fifthTests.swift in Sources */,
			);
			runOnlyForDeploymentPostprocessing = 0;
		};
		56457AD6272C4A7200FEF556 /* Sources */ = {
			isa = PBXSourcesBuildPhase;
			buildActionMask = 2147483647;
			files = (
				56457ADF272C4A7200FEF556 /* TREAD_fifthUITests.swift in Sources */,
				56457AE1272C4A7200FEF556 /* TREAD_fifthUITestsLaunchTests.swift in Sources */,
			);
			runOnlyForDeploymentPostprocessing = 0;
		};
/* End PBXSourcesBuildPhase section */

/* Begin PBXTargetDependency section */
		56457AD2272C4A7200FEF556 /* PBXTargetDependency */ = {
			isa = PBXTargetDependency;
			target = 56457AB9272C4A7000FEF556 /* TREAD-fifth */;
			targetProxy = 56457AD1272C4A7200FEF556 /* PBXContainerItemProxy */;
		};
		56457ADC272C4A7200FEF556 /* PBXTargetDependency */ = {
			isa = PBXTargetDependency;
			target = 56457AB9272C4A7000FEF556 /* TREAD-fifth */;
			targetProxy = 56457ADB272C4A7200FEF556 /* PBXContainerItemProxy */;
		};
/* End PBXTargetDependency section */

/* Begin PBXVariantGroup section */
		56457AC3272C4A7000FEF556 /* Main.storyboard */ = {
			isa = PBXVariantGroup;
			children = (
				56457AC4272C4A7000FEF556 /* Base */,
			);
			name = Main.storyboard;
			sourceTree = "<group>";
		};
		56457AC8272C4A7200FEF556 /* LaunchScreen.storyboard */ = {
			isa = PBXVariantGroup;
			children = (
				56457AC9272C4A7200FEF556 /* Base */,
			);
			name = LaunchScreen.storyboard;
			sourceTree = "<group>";
		};
/* End PBXVariantGroup section */

/* Begin XCBuildConfiguration section */
		56457AE2272C4A7200FEF556 /* Debug */ = {
			isa = XCBuildConfiguration;
			buildSettings = {
				ALWAYS_SEARCH_USER_PATHS = NO;
				CLANG_ANALYZER_NONNULL = YES;
				CLANG_ANALYZER_NUMBER_OBJECT_CONVERSION = YES_AGGRESSIVE;
				CLANG_CXX_LANGUAGE_STANDARD = "gnu++17";
				CLANG_CXX_LIBRARY = "libc++";
				CLANG_ENABLE_MODULES = YES;
				CLANG_ENABLE_OBJC_ARC = YES;
				CLANG_ENABLE_OBJC_WEAK = YES;
				CLANG_WARN_BLOCK_CAPTURE_AUTORELEASING = YES;
				CLANG_WARN_BOOL_CONVERSION = YES;
				CLANG_WARN_COMMA = YES;
				CLANG_WARN_CONSTANT_CONVERSION = YES;
				CLANG_WARN_DEPRECATED_OBJC_IMPLEMENTATIONS = YES;
				CLANG_WARN_DIRECT_OBJC_ISA_USAGE = YES_ERROR;
				CLANG_WARN_DOCUMENTATION_COMMENTS = YES;
				CLANG_WARN_EMPTY_BODY = YES;
				CLANG_WARN_ENUM_CONVERSION = YES;
				CLANG_WARN_INFINITE_RECURSION = YES;
				CLANG_WARN_INT_CONVERSION = YES;
				CLANG_WARN_NON_LITERAL_NULL_CONVERSION = YES;
				CLANG_WARN_OBJC_IMPLICIT_RETAIN_SELF = YES;
				CLANG_WARN_OBJC_LITERAL_CONVERSION = YES;
				CLANG_WARN_OBJC_ROOT_CLASS = YES_ERROR;
				CLANG_WARN_QUOTED_INCLUDE_IN_FRAMEWORK_HEADER = YES;
				CLANG_WARN_RANGE_LOOP_ANALYSIS = YES;
				CLANG_WARN_STRICT_PROTOTYPES = YES;
				CLANG_WARN_SUSPICIOUS_MOVE = YES;
				CLANG_WARN_UNGUARDED_AVAILABILITY = YES_AGGRESSIVE;
				CLANG_WARN_UNREACHABLE_CODE = YES;
				CLANG_WARN__DUPLICATE_METHOD_MATCH = YES;
				COPY_PHASE_STRIP = NO;
				DEBUG_INFORMATION_FORMAT = dwarf;
				ENABLE_STRICT_OBJC_MSGSEND = YES;
				ENABLE_TESTABILITY = YES;
				GCC_C_LANGUAGE_STANDARD = gnu11;
				GCC_DYNAMIC_NO_PIC = NO;
				GCC_NO_COMMON_BLOCKS = YES;
				GCC_OPTIMIZATION_LEVEL = 0;
				GCC_PREPROCESSOR_DEFINITIONS = (
					"DEBUG=1",
					"$(inherited)",
				);
				GCC_WARN_64_TO_32_BIT_CONVERSION = YES;
				GCC_WARN_ABOUT_RETURN_TYPE = YES_ERROR;
				GCC_WARN_UNDECLARED_SELECTOR = YES;
				GCC_WARN_UNINITIALIZED_AUTOS = YES_AGGRESSIVE;
				GCC_WARN_UNUSED_FUNCTION = YES;
				GCC_WARN_UNUSED_VARIABLE = YES;
				IPHONEOS_DEPLOYMENT_TARGET = 15.0;
				MTL_ENABLE_DEBUG_INFO = INCLUDE_SOURCE;
				MTL_FAST_MATH = YES;
				ONLY_ACTIVE_ARCH = YES;
				SDKROOT = iphoneos;
				SWIFT_ACTIVE_COMPILATION_CONDITIONS = DEBUG;
				SWIFT_OPTIMIZATION_LEVEL = "-Onone";
			};
			name = Debug;
		};
		56457AE3272C4A7200FEF556 /* Release */ = {
			isa = XCBuildConfiguration;
			buildSettings = {
				ALWAYS_SEARCH_USER_PATHS = NO;
				CLANG_ANALYZER_NONNULL = YES;
				CLANG_ANALYZER_NUMBER_OBJECT_CONVERSION = YES_AGGRESSIVE;
				CLANG_CXX_LANGUAGE_STANDARD = "gnu++17";
				CLANG_CXX_LIBRARY = "libc++";
				CLANG_ENABLE_MODULES = YES;
				CLANG_ENABLE_OBJC_ARC = YES;
				CLANG_ENABLE_OBJC_WEAK = YES;
				CLANG_WARN_BLOCK_CAPTURE_AUTORELEASING = YES;
				CLANG_WARN_BOOL_CONVERSION = YES;
				CLANG_WARN_COMMA = YES;
				CLANG_WARN_CONSTANT_CONVERSION = YES;
				CLANG_WARN_DEPRECATED_OBJC_IMPLEMENTATIONS = YES;
				CLANG_WARN_DIRECT_OBJC_ISA_USAGE = YES_ERROR;
				CLANG_WARN_DOCUMENTATION_COMMENTS = YES;
				CLANG_WARN_EMPTY_BODY = YES;
				CLANG_WARN_ENUM_CONVERSION = YES;
				CLANG_WARN_INFINITE_RECURSION = YES;
				CLANG_WARN_INT_CONVERSION = YES;
				CLANG_WARN_NON_LITERAL_NULL_CONVERSION = YES;
				CLANG_WARN_OBJC_IMPLICIT_RETAIN_SELF = YES;
				CLANG_WARN_OBJC_LITERAL_CONVERSION = YES;
				CLANG_WARN_OBJC_ROOT_CLASS = YES_ERROR;
				CLANG_WARN_QUOTED_INCLUDE_IN_FRAMEWORK_HEADER = YES;
				CLANG_WARN_RANGE_LOOP_ANALYSIS = YES;
				CLANG_WARN_STRICT_PROTOTYPES = YES;
				CLANG_WARN_SUSPICIOUS_MOVE = YES;
				CLANG_WARN_UNGUARDED_AVAILABILITY = YES_AGGRESSIVE;
				CLANG_WARN_UNREACHABLE_CODE = YES;
				CLANG_WARN__DUPLICATE_METHOD_MATCH = YES;
				COPY_PHASE_STRIP = NO;
				DEBUG_INFORMATION_FORMAT = "dwarf-with-dsym";
				ENABLE_NS_ASSERTIONS = NO;
				ENABLE_STRICT_OBJC_MSGSEND = YES;
				GCC_C_LANGUAGE_STANDARD = gnu11;
				GCC_NO_COMMON_BLOCKS = YES;
				GCC_WARN_64_TO_32_BIT_CONVERSION = YES;
				GCC_WARN_ABOUT_RETURN_TYPE = YES_ERROR;
				GCC_WARN_UNDECLARED_SELECTOR = YES;
				GCC_WARN_UNINITIALIZED_AUTOS = YES_AGGRESSIVE;
				GCC_WARN_UNUSED_FUNCTION = YES;
				GCC_WARN_UNUSED_VARIABLE = YES;
				IPHONEOS_DEPLOYMENT_TARGET = 15.0;
				MTL_ENABLE_DEBUG_INFO = NO;
				MTL_FAST_MATH = YES;
				SDKROOT = iphoneos;
				SWIFT_COMPILATION_MODE = wholemodule;
				SWIFT_OPTIMIZATION_LEVEL = "-O";
				VALIDATE_PRODUCT = YES;
			};
			name = Release;
		};
		56457AE5272C4A7200FEF556 /* Debug */ = {
			isa = XCBuildConfiguration;
			buildSettings = {
				ASSETCATALOG_COMPILER_APPICON_NAME = AppIcon;
				ASSETCATALOG_COMPILER_GLOBAL_ACCENT_COLOR_NAME = AccentColor;
				CODE_SIGN_STYLE = Automatic;
				CURRENT_PROJECT_VERSION = 1;
				DEVELOPMENT_TEAM = P7NGUY467Y;
				GENERATE_INFOPLIST_FILE = YES;
				INFOPLIST_FILE = "TREAD-fifth/Info.plist";
				INFOPLIST_KEY_UIApplicationSupportsIndirectInputEvents = YES;
				INFOPLIST_KEY_UILaunchStoryboardName = LaunchScreen;
				INFOPLIST_KEY_UIMainStoryboardFile = Main;
				INFOPLIST_KEY_UISupportedInterfaceOrientations_iPad = "UIInterfaceOrientationPortrait UIInterfaceOrientationPortraitUpsideDown UIInterfaceOrientationLandscapeLeft UIInterfaceOrientationLandscapeRight";
				INFOPLIST_KEY_UISupportedInterfaceOrientations_iPhone = "UIInterfaceOrientationPortrait UIInterfaceOrientationLandscapeLeft UIInterfaceOrientationLandscapeRight";
				LD_RUNPATH_SEARCH_PATHS = (
					"$(inherited)",
					"@executable_path/Frameworks",
				);
				MARKETING_VERSION = 1.0;
				PRODUCT_BUNDLE_IDENTIFIER = "capstone-f21.TREAD-fifth";
				PRODUCT_NAME = "$(TARGET_NAME)";
				SWIFT_EMIT_LOC_STRINGS = YES;
				SWIFT_VERSION = 5.0;
				TARGETED_DEVICE_FAMILY = "1,2";
			};
			name = Debug;
		};
		56457AE6272C4A7200FEF556 /* Release */ = {
			isa = XCBuildConfiguration;
			buildSettings = {
				ASSETCATALOG_COMPILER_APPICON_NAME = AppIcon;
				ASSETCATALOG_COMPILER_GLOBAL_ACCENT_COLOR_NAME = AccentColor;
				CODE_SIGN_STYLE = Automatic;
				CURRENT_PROJECT_VERSION = 1;
				DEVELOPMENT_TEAM = P7NGUY467Y;
				GENERATE_INFOPLIST_FILE = YES;
				INFOPLIST_FILE = "TREAD-fifth/Info.plist";
				INFOPLIST_KEY_UIApplicationSupportsIndirectInputEvents = YES;
				INFOPLIST_KEY_UILaunchStoryboardName = LaunchScreen;
				INFOPLIST_KEY_UIMainStoryboardFile = Main;
				INFOPLIST_KEY_UISupportedInterfaceOrientations_iPad = "UIInterfaceOrientationPortrait UIInterfaceOrientationPortraitUpsideDown UIInterfaceOrientationLandscapeLeft UIInterfaceOrientationLandscapeRight";
				INFOPLIST_KEY_UISupportedInterfaceOrientations_iPhone = "UIInterfaceOrientationPortrait UIInterfaceOrientationLandscapeLeft UIInterfaceOrientationLandscapeRight";
				LD_RUNPATH_SEARCH_PATHS = (
					"$(inherited)",
					"@executable_path/Frameworks",
				);
				MARKETING_VERSION = 1.0;
				PRODUCT_BUNDLE_IDENTIFIER = "capstone-f21.TREAD-fifth";
				PRODUCT_NAME = "$(TARGET_NAME)";
				SWIFT_EMIT_LOC_STRINGS = YES;
				SWIFT_VERSION = 5.0;
				TARGETED_DEVICE_FAMILY = "1,2";
			};
			name = Release;
		};
		56457AE8272C4A7200FEF556 /* Debug */ = {
			isa = XCBuildConfiguration;
			buildSettings = {
				ALWAYS_EMBED_SWIFT_STANDARD_LIBRARIES = YES;
				BUNDLE_LOADER = "$(TEST_HOST)";
				CODE_SIGN_STYLE = Automatic;
				CURRENT_PROJECT_VERSION = 1;
				DEVELOPMENT_TEAM = P7NGUY467Y;
				GENERATE_INFOPLIST_FILE = YES;
				IPHONEOS_DEPLOYMENT_TARGET = 15.0;
				LD_RUNPATH_SEARCH_PATHS = (
					"$(inherited)",
					"@executable_path/Frameworks",
					"@loader_path/Frameworks",
				);
				MARKETING_VERSION = 1.0;
				PRODUCT_BUNDLE_IDENTIFIER = "capstone-f21.TREAD-fifthTests";
				PRODUCT_NAME = "$(TARGET_NAME)";
				SWIFT_EMIT_LOC_STRINGS = NO;
				SWIFT_VERSION = 5.0;
				TARGETED_DEVICE_FAMILY = "1,2";
				TEST_HOST = "$(BUILT_PRODUCTS_DIR)/TREAD-fifth.app/TREAD-fifth";
			};
			name = Debug;
		};
		56457AE9272C4A7200FEF556 /* Release */ = {
			isa = XCBuildConfiguration;
			buildSettings = {
				ALWAYS_EMBED_SWIFT_STANDARD_LIBRARIES = YES;
				BUNDLE_LOADER = "$(TEST_HOST)";
				CODE_SIGN_STYLE = Automatic;
				CURRENT_PROJECT_VERSION = 1;
				DEVELOPMENT_TEAM = P7NGUY467Y;
				GENERATE_INFOPLIST_FILE = YES;
				IPHONEOS_DEPLOYMENT_TARGET = 15.0;
				LD_RUNPATH_SEARCH_PATHS = (
					"$(inherited)",
					"@executable_path/Frameworks",
					"@loader_path/Frameworks",
				);
				MARKETING_VERSION = 1.0;
				PRODUCT_BUNDLE_IDENTIFIER = "capstone-f21.TREAD-fifthTests";
				PRODUCT_NAME = "$(TARGET_NAME)";
				SWIFT_EMIT_LOC_STRINGS = NO;
				SWIFT_VERSION = 5.0;
				TARGETED_DEVICE_FAMILY = "1,2";
				TEST_HOST = "$(BUILT_PRODUCTS_DIR)/TREAD-fifth.app/TREAD-fifth";
			};
			name = Release;
		};
		56457AEB272C4A7200FEF556 /* Debug */ = {
			isa = XCBuildConfiguration;
			buildSettings = {
				ALWAYS_EMBED_SWIFT_STANDARD_LIBRARIES = YES;
				CODE_SIGN_STYLE = Automatic;
				CURRENT_PROJECT_VERSION = 1;
				DEVELOPMENT_TEAM = P7NGUY467Y;
				GENERATE_INFOPLIST_FILE = YES;
				LD_RUNPATH_SEARCH_PATHS = (
					"$(inherited)",
					"@executable_path/Frameworks",
					"@loader_path/Frameworks",
				);
				MARKETING_VERSION = 1.0;
				PRODUCT_BUNDLE_IDENTIFIER = "capstone-f21.TREAD-fifthUITests";
				PRODUCT_NAME = "$(TARGET_NAME)";
				SWIFT_EMIT_LOC_STRINGS = NO;
				SWIFT_VERSION = 5.0;
				TARGETED_DEVICE_FAMILY = "1,2";
				TEST_TARGET_NAME = "TREAD-fifth";
			};
			name = Debug;
		};
		56457AEC272C4A7200FEF556 /* Release */ = {
			isa = XCBuildConfiguration;
			buildSettings = {
				ALWAYS_EMBED_SWIFT_STANDARD_LIBRARIES = YES;
				CODE_SIGN_STYLE = Automatic;
				CURRENT_PROJECT_VERSION = 1;
				DEVELOPMENT_TEAM = P7NGUY467Y;
				GENERATE_INFOPLIST_FILE = YES;
				LD_RUNPATH_SEARCH_PATHS = (
					"$(inherited)",
					"@executable_path/Frameworks",
					"@loader_path/Frameworks",
				);
				MARKETING_VERSION = 1.0;
				PRODUCT_BUNDLE_IDENTIFIER = "capstone-f21.TREAD-fifthUITests";
				PRODUCT_NAME = "$(TARGET_NAME)";
				SWIFT_EMIT_LOC_STRINGS = NO;
				SWIFT_VERSION = 5.0;
				TARGETED_DEVICE_FAMILY = "1,2";
				TEST_TARGET_NAME = "TREAD-fifth";
			};
			name = Release;
		};
/* End XCBuildConfiguration section */

/* Begin XCConfigurationList section */
		56457AB5272C4A7000FEF556 /* Build configuration list for PBXProject "TREAD-fifth" */ = {
			isa = XCConfigurationList;
			buildConfigurations = (
				56457AE2272C4A7200FEF556 /* Debug */,
				56457AE3272C4A7200FEF556 /* Release */,
			);
			defaultConfigurationIsVisible = 0;
			defaultConfigurationName = Release;
		};
		56457AE4272C4A7200FEF556 /* Build configuration list for PBXNativeTarget "TREAD-fifth" */ = {
			isa = XCConfigurationList;
			buildConfigurations = (
				56457AE5272C4A7200FEF556 /* Debug */,
				56457AE6272C4A7200FEF556 /* Release */,
			);
			defaultConfigurationIsVisible = 0;
			defaultConfigurationName = Release;
		};
		56457AE7272C4A7200FEF556 /* Build configuration list for PBXNativeTarget "TREAD-fifthTests" */ = {
			isa = XCConfigurationList;
			buildConfigurations = (
				56457AE8272C4A7200FEF556 /* Debug */,
				56457AE9272C4A7200FEF556 /* Release */,
			);
			defaultConfigurationIsVisible = 0;
			defaultConfigurationName = Release;
		};
		56457AEA272C4A7200FEF556 /* Build configuration list for PBXNativeTarget "TREAD-fifthUITests" */ = {
			isa = XCConfigurationList;
			buildConfigurations = (
				56457AEB272C4A7200FEF556 /* Debug */,
				56457AEC272C4A7200FEF556 /* Release */,
			);
			defaultConfigurationIsVisible = 0;
			defaultConfigurationName = Release;
		};
/* End XCConfigurationList section */
	};
	rootObject = 56457AB2272C4A7000FEF556 /* Project object */;
}
